
Microsoft Visual Studio Solution File, Format Version 12.00
# Visual Studio Version 17
VisualStudioVersion = 17.6.33712.159
MinimumVisualStudioVersion = 10.0.40219.1
Project("{FAE04EC0-301F-11D3-BF4B-00C04F79EFBC}") = "figur", "figur\figur.csproj", "{571127C8-37C3-4716-96D3-5757A0CD1E02}"
EndProject
Global
	GlobalSection(SolutionConfigurationPlatforms) = preSolution
		Debug|Any CPU = Debug|Any CPU
		Release|Any CPU = Release|Any CPU
	EndGlobalSection
	GlobalSection(ProjectConfigurationPlatforms) = postSolution
		{571127C8-37C3-4716-96D3-5757A0CD1E02}.Debug|Any CPU.ActiveCfg = Debug|Any CPU
		{571127C8-37C3-4716-96D3-5757A0CD1E02}.Debug|Any CPU.Build.0 = Debug|Any CPU
		{571127C8-37C3-4716-96D3-5757A0CD1E02}.Release|Any CPU.ActiveCfg = Release|Any CPU
		{571127C8-37C3-4716-96D3-5757A0CD1E02}.Release|Any CPU.Build.0 = Release|Any CPU
	EndGlobalSection
	GlobalSection(SolutionProperties) = preSolution
		HideSolutionNode = FALSE
	EndGlobalSection
	GlobalSection(ExtensibilityGlobals) = postSolution
		SolutionGuid = {E82B90CF-F35D-4795-A5CC-95949B2A72CE}
	EndGlobalSection
EndGlobal
